// !$*UTF8*$!
{
	archiveVersion = 1;
	classes = {
	};
	objectVersion = 55;
	objects = {

/* Begin PBXBuildFile section */
		D240D3B028BA57D5005D25C1 /* AppDelegate.swift in Sources */ = {isa = PBXBuildFile; fileRef = D240D3AF28BA57D5005D25C1 /* AppDelegate.swift */; };
		D240D3B228BA57D5005D25C1 /* ViewController.swift in Sources */ = {isa = PBXBuildFile; fileRef = D240D3B128BA57D5005D25C1 /* ViewController.swift */; };
		D240D3B428BA57D5005D25C1 /* Document.swift in Sources */ = {isa = PBXBuildFile; fileRef = D240D3B328BA57D5005D25C1 /* Document.swift */; };
		D240D3B628BA57D6005D25C1 /* Assets.xcassets in Resources */ = {isa = PBXBuildFile; fileRef = D240D3B528BA57D6005D25C1 /* Assets.xcassets */; };
		D240D3B928BA57D6005D25C1 /* Main.storyboard in Resources */ = {isa = PBXBuildFile; fileRef = D240D3B728BA57D6005D25C1 /* Main.storyboard */; };
		D240D3C628BA5ADE005D25C1 /* DGMarkdown in Frameworks */ = {isa = PBXBuildFile; productRef = D240D3C528BA5ADE005D25C1 /* DGMarkdown */; };
/* End PBXBuildFile section */

/* Begin PBXFileReference section */
		D240D3AC28BA57D5005D25C1 /* DGMarkdownExample-macOS.app */ = {isa = PBXFileReference; explicitFileType = wrapper.application; includeInIndex = 0; path = "DGMarkdownExample-macOS.app"; sourceTree = BUILT_PRODUCTS_DIR; };
		D240D3AF28BA57D5005D25C1 /* AppDelegate.swift */ = {isa = PBXFileReference; lastKnownFileType = sourcecode.swift; path = AppDelegate.swift; sourceTree = "<group>"; };
		D240D3B128BA57D5005D25C1 /* ViewController.swift */ = {isa = PBXFileReference; lastKnownFileType = sourcecode.swift; path = ViewController.swift; sourceTree = "<group>"; };
		D240D3B328BA57D5005D25C1 /* Document.swift */ = {isa = PBXFileReference; lastKnownFileType = sourcecode.swift; path = Document.swift; sourceTree = "<group>"; };
		D240D3B528BA57D6005D25C1 /* Assets.xcassets */ = {isa = PBXFileReference; lastKnownFileType = folder.assetcatalog; path = Assets.xcassets; sourceTree = "<group>"; };
		D240D3B828BA57D6005D25C1 /* Base */ = {isa = PBXFileReference; lastKnownFileType = file.storyboard; name = Base; path = Base.lproj/Main.storyboard; sourceTree = "<group>"; };
		D240D3BA28BA57D6005D25C1 /* Info.plist */ = {isa = PBXFileReference; lastKnownFileType = text.plist.xml; path = Info.plist; sourceTree = "<group>"; };
		D240D3BB28BA57D6005D25C1 /* DGMarkdownExample_macOS.entitlements */ = {isa = PBXFileReference; lastKnownFileType = text.plist.entitlements; path = DGMarkdownExample_macOS.entitlements; sourceTree = "<group>"; };
		D240D3C028BA57EA005D25C1 /* DGMarkdown */ = {isa = PBXFileReference; lastKnownFileType = wrapper; name = DGMarkdown; path = ../..; sourceTree = "<group>"; };
/* End PBXFileReference section */

/* Begin PBXFrameworksBuildPhase section */
		D240D3A928BA57D5005D25C1 /* Frameworks */ = {
			isa = PBXFrameworksBuildPhase;
			buildActionMask = 2147483647;
			files = (
				D240D3C628BA5ADE005D25C1 /* DGMarkdown in Frameworks */,
			);
			runOnlyForDeploymentPostprocessing = 0;
		};
/* End PBXFrameworksBuildPhase section */

/* Begin PBXGroup section */
		D240D3A128BA577A005D25C1 = {
			isa = PBXGroup;
			children = (
				D240D3BF28BA57EA005D25C1 /* Packages */,
				D240D3AE28BA57D5005D25C1 /* DGMarkdownExample-macOS */,
				D240D3AD28BA57D5005D25C1 /* Products */,
				D240D3C128BA5985005D25C1 /* Frameworks */,
			);
			sourceTree = "<group>";
		};
		D240D3AD28BA57D5005D25C1 /* Products */ = {
			isa = PBXGroup;
			children = (
				D240D3AC28BA57D5005D25C1 /* DGMarkdownExample-macOS.app */,
			);
			name = Products;
			sourceTree = "<group>";
		};
		D240D3AE28BA57D5005D25C1 /* DGMarkdownExample-macOS */ = {
			isa = PBXGroup;
			children = (
				D240D3AF28BA57D5005D25C1 /* AppDelegate.swift */,
				D240D3B128BA57D5005D25C1 /* ViewController.swift */,
				D240D3B328BA57D5005D25C1 /* Document.swift */,
				D240D3B528BA57D6005D25C1 /* Assets.xcassets */,
				D240D3B728BA57D6005D25C1 /* Main.storyboard */,
				D240D3BA28BA57D6005D25C1 /* Info.plist */,
				D240D3BB28BA57D6005D25C1 /* DGMarkdownExample_macOS.entitlements */,
			);
			path = "DGMarkdownExample-macOS";
			sourceTree = "<group>";
		};
		D240D3BF28BA57EA005D25C1 /* Packages */ = {
			isa = PBXGroup;
			children = (
				D240D3C028BA57EA005D25C1 /* DGMarkdown */,
			);
			name = Packages;
			sourceTree = "<group>";
		};
		D240D3C128BA5985005D25C1 /* Frameworks */ = {
			isa = PBXGroup;
			children = (
			);
			name = Frameworks;
			sourceTree = "<group>";
		};
/* End PBXGroup section */

/* Begin PBXNativeTarget section */
		D240D3AB28BA57D5005D25C1 /* DGMarkdownExample-macOS */ = {
			isa = PBXNativeTarget;
			buildConfigurationList = D240D3BE28BA57D6005D25C1 /* Build configuration list for PBXNativeTarget "DGMarkdownExample-macOS" */;
			buildPhases = (
				D240D3A828BA57D5005D25C1 /* Sources */,
				D240D3A928BA57D5005D25C1 /* Frameworks */,
				D240D3AA28BA57D5005D25C1 /* Resources */,
			);
			buildRules = (
			);
			dependencies = (
			);
			name = "DGMarkdownExample-macOS";
			packageProductDependencies = (
				D240D3C528BA5ADE005D25C1 /* DGMarkdown */,
			);
			productName = "DGMarkdownExample-macOS";
			productReference = D240D3AC28BA57D5005D25C1 /* DGMarkdownExample-macOS.app */;
			productType = "com.apple.product-type.application";
		};
/* End PBXNativeTarget section */

/* Begin PBXProject section */
		D240D3A228BA577A005D25C1 /* Project object */ = {
			isa = PBXProject;
			attributes = {
				BuildIndependentTargetsInParallel = 1;
				LastSwiftUpdateCheck = 1340;
				LastUpgradeCheck = 1340;
				TargetAttributes = {
					D240D3AB28BA57D5005D25C1 = {
						CreatedOnToolsVersion = 13.4.1;
					};
				};
			};
			buildConfigurationList = D240D3A528BA577A005D25C1 /* Build configuration list for PBXProject "DGMarkdownExample" */;
			compatibilityVersion = "Xcode 13.0";
			developmentRegion = en;
			hasScannedForEncodings = 0;
			knownRegions = (
				en,
				Base,
			);
			mainGroup = D240D3A128BA577A005D25C1;
			productRefGroup = D240D3AD28BA57D5005D25C1 /* Products */;
			projectDirPath = "";
			projectRoot = "";
			targets = (
				D240D3AB28BA57D5005D25C1 /* DGMarkdownExample-macOS */,
			);
		};
/* End PBXProject section */

/* Begin PBXResourcesBuildPhase section */
		D240D3AA28BA57D5005D25C1 /* Resources */ = {
			isa = PBXResourcesBuildPhase;
			buildActionMask = 2147483647;
			files = (
				D240D3B628BA57D6005D25C1 /* Assets.xcassets in Resources */,
				D240D3B928BA57D6005D25C1 /* Main.storyboard in Resources */,
			);
			runOnlyForDeploymentPostprocessing = 0;
		};
/* End PBXResourcesBuildPhase section */

/* Begin PBXSourcesBuildPhase section */
		D240D3A828BA57D5005D25C1 /* Sources */ = {
			isa = PBXSourcesBuildPhase;
			buildActionMask = 2147483647;
			files = (
				D240D3B228BA57D5005D25C1 /* ViewController.swift in Sources */,
				D240D3B028BA57D5005D25C1 /* AppDelegate.swift in Sources */,
				D240D3B428BA57D5005D25C1 /* Document.swift in Sources */,
			);
			runOnlyForDeploymentPostprocessing = 0;
		};
/* End PBXSourcesBuildPhase section */

/* Begin PBXVariantGroup section */
		D240D3B728BA57D6005D25C1 /* Main.storyboard */ = {
			isa = PBXVariantGroup;
			children = (
				D240D3B828BA57D6005D25C1 /* Base */,
			);
			name = Main.storyboard;
			sourceTree = "<group>";
		};
/* End PBXVariantGroup section */

/* Begin XCBuildConfiguration section */
		D240D3A628BA577A005D25C1 /* Debug */ = {
			isa = XCBuildConfiguration;
			buildSettings = {
				MACOSX_DEPLOYMENT_TARGET = 12.0;
			};
			name = Debug;
		};
		D240D3A728BA577A005D25C1 /* Release */ = {
			isa = XCBuildConfiguration;
			buildSettings = {
				MACOSX_DEPLOYMENT_TARGET = 12.0;
			};
			name = Release;
		};
		D240D3BC28BA57D6005D25C1 /* Debug */ = {
			isa = XCBuildConfiguration;
			buildSettings = {
				ALWAYS_SEARCH_USER_PATHS = NO;
				ASSETCATALOG_COMPILER_APPICON_NAME = AppIcon;
				ASSETCATALOG_COMPILER_GLOBAL_ACCENT_COLOR_NAME = AccentColor;
				CLANG_ANALYZER_NONNULL = YES;
				CLANG_ANALYZER_NUMBER_OBJECT_CONVERSION = YES_AGGRESSIVE;
				CLANG_CXX_LANGUAGE_STANDARD = "gnu++17";
				CLANG_ENABLE_MODULES = YES;
				CLANG_ENABLE_OBJC_ARC = YES;
				CLANG_ENABLE_OBJC_WEAK = YES;
				CLANG_WARN_BLOCK_CAPTURE_AUTORELEASING = YES;
				CLANG_WARN_BOOL_CONVERSION = YES;
				CLANG_WARN_COMMA = YES;
				CLANG_WARN_CONSTANT_CONVERSION = YES;
				CLANG_WARN_DEPRECATED_OBJC_IMPLEMENTATIONS = YES;
				CLANG_WARN_DIRECT_OBJC_ISA_USAGE = YES_ERROR;
				CLANG_WARN_DOCUMENTATION_COMMENTS = YES;
				CLANG_WARN_EMPTY_BODY = YES;
				CLANG_WARN_ENUM_CONVERSION = YES;
				CLANG_WARN_INFINITE_RECURSION = YES;
				CLANG_WARN_INT_CONVERSION = YES;
				CLANG_WARN_NON_LITERAL_NULL_CONVERSION = YES;
				CLANG_WARN_OBJC_IMPLICIT_RETAIN_SELF = YES;
				CLANG_WARN_OBJC_LITERAL_CONVERSION = YES;
				CLANG_WARN_OBJC_ROOT_CLASS = YES_ERROR;
				CLANG_WARN_QUOTED_INCLUDE_IN_FRAMEWORK_HEADER = YES;
				CLANG_WARN_RANGE_LOOP_ANALYSIS = YES;
				CLANG_WARN_STRICT_PROTOTYPES = YES;
				CLANG_WARN_SUSPICIOUS_MOVE = YES;
				CLANG_WARN_UNGUARDED_AVAILABILITY = YES_AGGRESSIVE;
				CLANG_WARN_UNREACHABLE_CODE = YES;
				CLANG_WARN__DUPLICATE_METHOD_MATCH = YES;
				CODE_SIGN_ENTITLEMENTS = "DGMarkdownExample-macOS/DGMarkdownExample_macOS.entitlements";
				CODE_SIGN_STYLE = Automatic;
				COMBINE_HIDPI_IMAGES = YES;
				COPY_PHASE_STRIP = NO;
				CURRENT_PROJECT_VERSION = 1;
				DEBUG_INFORMATION_FORMAT = dwarf;
				ENABLE_STRICT_OBJC_MSGSEND = YES;
				ENABLE_TESTABILITY = YES;
				GCC_C_LANGUAGE_STANDARD = gnu11;
				GCC_DYNAMIC_NO_PIC = NO;
				GCC_NO_COMMON_BLOCKS = YES;
				GCC_OPTIMIZATION_LEVEL = 0;
				GCC_PREPROCESSOR_DEFINITIONS = (
					"DEBUG=1",
					"$(inherited)",
				);
				GCC_WARN_64_TO_32_BIT_CONVERSION = YES;
				GCC_WARN_ABOUT_RETURN_TYPE = YES_ERROR;
				GCC_WARN_UNDECLARED_SELECTOR = YES;
				GCC_WARN_UNINITIALIZED_AUTOS = YES_AGGRESSIVE;
				GCC_WARN_UNUSED_FUNCTION = YES;
				GCC_WARN_UNUSED_VARIABLE = YES;
				GENERATE_INFOPLIST_FILE = YES;
				INFOPLIST_FILE = "DGMarkdownExample-macOS/Info.plist";
				INFOPLIST_KEY_NSHumanReadableCopyright = "";
				INFOPLIST_KEY_NSMainStoryboardFile = Main;
				INFOPLIST_KEY_NSPrincipalClass = NSApplication;
				LD_RUNPATH_SEARCH_PATHS = (
					"$(inherited)",
					"@executable_path/../Frameworks",
				);
				MARKETING_VERSION = 1.0;
				MTL_ENABLE_DEBUG_INFO = INCLUDE_SOURCE;
				MTL_FAST_MATH = YES;
				ONLY_ACTIVE_ARCH = YES;
				PRODUCT_BUNDLE_IDENTIFIER = "com.debugeek.DGMarkdownExample-macOS";
				PRODUCT_NAME = "$(TARGET_NAME)";
				SDKROOT = macosx;
				SWIFT_ACTIVE_COMPILATION_CONDITIONS = DEBUG;
				SWIFT_EMIT_LOC_STRINGS = YES;
				SWIFT_OPTIMIZATION_LEVEL = "-Onone";
				SWIFT_VERSION = 5.0;
			};
			name = Debug;
		};
		D240D3BD28BA57D6005D25C1 /* Release */ = {
			isa = XCBuildConfiguration;
			buildSettings = {
				ALWAYS_SEARCH_USER_PATHS = NO;
				ASSETCATALOG_COMPILER_APPICON_NAME = AppIcon;
				ASSETCATALOG_COMPILER_GLOBAL_ACCENT_COLOR_NAME = AccentColor;
				CLANG_ANALYZER_NONNULL = YES;
				CLANG_ANALYZER_NUMBER_OBJECT_CONVERSION = YES_AGGRESSIVE;
				CLANG_CXX_LANGUAGE_STANDARD = "gnu++17";
				CLANG_ENABLE_MODULES = YES;
				CLANG_ENABLE_OBJC_ARC = YES;
				CLANG_ENABLE_OBJC_WEAK = YES;
				CLANG_WARN_BLOCK_CAPTURE_AUTORELEASING = YES;
				CLANG_WARN_BOOL_CONVERSION = YES;
				CLANG_WARN_COMMA = YES;
				CLANG_WARN_CONSTANT_CONVERSION = YES;
				CLANG_WARN_DEPRECATED_OBJC_IMPLEMENTATIONS = YES;
				CLANG_WARN_DIRECT_OBJC_ISA_USAGE = YES_ERROR;
				CLANG_WARN_DOCUMENTATION_COMMENTS = YES;
				CLANG_WARN_EMPTY_BODY = YES;
				CLANG_WARN_ENUM_CONVERSION = YES;
				CLANG_WARN_INFINITE_RECURSION = YES;
				CLANG_WARN_INT_CONVERSION = YES;
				CLANG_WARN_NON_LITERAL_NULL_CONVERSION = YES;
				CLANG_WARN_OBJC_IMPLICIT_RETAIN_SELF = YES;
				CLANG_WARN_OBJC_LITERAL_CONVERSION = YES;
				CLANG_WARN_OBJC_ROOT_CLASS = YES_ERROR;
				CLANG_WARN_QUOTED_INCLUDE_IN_FRAMEWORK_HEADER = YES;
				CLANG_WARN_RANGE_LOOP_ANALYSIS = YES;
				CLANG_WARN_STRICT_PROTOTYPES = YES;
				CLANG_WARN_SUSPICIOUS_MOVE = YES;
				CLANG_WARN_UNGUARDED_AVAILABILITY = YES_AGGRESSIVE;
				CLANG_WARN_UNREACHABLE_CODE = YES;
				CLANG_WARN__DUPLICATE_METHOD_MATCH = YES;
				CODE_SIGN_ENTITLEMENTS = "DGMarkdownExample-macOS/DGMarkdownExample_macOS.entitlements";
				CODE_SIGN_STYLE = Automatic;
				COMBINE_HIDPI_IMAGES = YES;
				COPY_PHASE_STRIP = NO;
				CURRENT_PROJECT_VERSION = 1;
				DEBUG_INFORMATION_FORMAT = "dwarf-with-dsym";
				ENABLE_NS_ASSERTIONS = NO;
				ENABLE_STRICT_OBJC_MSGSEND = YES;
				GCC_C_LANGUAGE_STANDARD = gnu11;
				GCC_NO_COMMON_BLOCKS = YES;
				GCC_WARN_64_TO_32_BIT_CONVERSION = YES;
				GCC_WARN_ABOUT_RETURN_TYPE = YES_ERROR;
				GCC_WARN_UNDECLARED_SELECTOR = YES;
				GCC_WARN_UNINITIALIZED_AUTOS = YES_AGGRESSIVE;
				GCC_WARN_UNUSED_FUNCTION = YES;
				GCC_WARN_UNUSED_VARIABLE = YES;
				GENERATE_INFOPLIST_FILE = YES;
				INFOPLIST_FILE = "DGMarkdownExample-macOS/Info.plist";
				INFOPLIST_KEY_NSHumanReadableCopyright = "";
				INFOPLIST_KEY_NSMainStoryboardFile = Main;
				INFOPLIST_KEY_NSPrincipalClass = NSApplication;
				LD_RUNPATH_SEARCH_PATHS = (
					"$(inherited)",
					"@executable_path/../Frameworks",
				);
				MARKETING_VERSION = 1.0;
				MTL_ENABLE_DEBUG_INFO = NO;
				MTL_FAST_MATH = YES;
				PRODUCT_BUNDLE_IDENTIFIER = "com.debugeek.DGMarkdownExample-macOS";
				PRODUCT_NAME = "$(TARGET_NAME)";
				SDKROOT = macosx;
				SWIFT_COMPILATION_MODE = wholemodule;
				SWIFT_EMIT_LOC_STRINGS = YES;
				SWIFT_OPTIMIZATION_LEVEL = "-O";
				SWIFT_VERSION = 5.0;
			};
			name = Release;
		};
/* End XCBuildConfiguration section */

/* Begin XCConfigurationList section */
		D240D3A528BA577A005D25C1 /* Build configuration list for PBXProject "DGMarkdownExample" */ = {
			isa = XCConfigurationList;
			buildConfigurations = (
				D240D3A628BA577A005D25C1 /* Debug */,
				D240D3A728BA577A005D25C1 /* Release */,
			);
			defaultConfigurationIsVisible = 0;
			defaultConfigurationName = Release;
		};
		D240D3BE28BA57D6005D25C1 /* Build configuration list for PBXNativeTarget "DGMarkdownExample-macOS" */ = {
			isa = XCConfigurationList;
			buildConfigurations = (
				D240D3BC28BA57D6005D25C1 /* Debug */,
				D240D3BD28BA57D6005D25C1 /* Release */,
			);
			defaultConfigurationIsVisible = 0;
			defaultConfigurationName = Release;
		};
/* End XCConfigurationList section */

/* Begin XCSwiftPackageProductDependency section */
		D240D3C528BA5ADE005D25C1 /* DGMarkdown */ = {
			isa = XCSwiftPackageProductDependency;
			productName = DGMarkdown;
		};
/* End XCSwiftPackageProductDependency section */
	};
	rootObject = D240D3A228BA577A005D25C1 /* Project object */;
}
